{
  "version": 4,
  "terraform_version": "1.2.0",
  "serial": 15,
  "lineage": "f4da214a-3a43-e814-70f8-f2349a3ea8a9",
  "outputs": {},
  "resources": [
    {
      "mode": "managed",
      "type": "tencentcloud_route_table",
      "name": "route_table_vpc_shanghai",
      "provider": "provider[\"registry.terraform.io/tencentcloudstack/tencentcloud\"]",
      "instances": [
        {
          "schema_version": 0,
          "attributes": {
            "create_time": "2022-05-24 22:46:07",
            "id": "rtb-qnrgxlah",
            "is_default": false,
            "name": "route_table_vpc_shanghai",
            "route_entry_ids": [],
            "subnet_ids": [
              "subnet-8jbnuoop",
              "subnet-72l8s4ex",
              "subnet-oq7pfpdf",
              "subnet-f0g141i1"
            ],
            "tags": {},
            "vpc_id": "vpc-5ncppgdk"
          },
          "sensitive_attributes": [],
          "private": "bnVsbA==",
          "dependencies": [
            "tencentcloud_vpc.vpc_shanghai"
          ]
        }
      ]
    },
    {
      "mode": "managed",
      "type": "tencentcloud_security_group",
      "name": "security_group_shanghai",
      "provider": "provider[\"registry.terraform.io/tencentcloudstack/tencentcloud\"]",
      "instances": [
        {
          "schema_version": 0,
          "attributes": {
            "description": "",
            "id": "sg-1zi76m96",
            "name": "security_group_shanghai",
            "project_id": 0,
            "tags": {}
          },
          "sensitive_attributes": [],
          "private": "bnVsbA=="
        }
      ]
    },
    {
      "mode": "managed",
      "type": "tencentcloud_security_group_rule",
      "name": "security_group_shanghai_rule1",
      "provider": "provider[\"registry.terraform.io/tencentcloudstack/tencentcloud\"]",
      "instances": [
        {
          "schema_version": 0,
          "attributes": {
            "address_template": [],
            "cidr_ip": "0.0.0.0/0",
            "description": "",
            "id": "eyJzZ19pZCI6InNnLTF6aTc2bTk2IiwicG9saWN5X3R5cGUiOiJpbmdyZXNzIiwiY2lkcl9pcCI6IjAuMC4wLjAvMCIsInByb3RvY29sIjoidGNwIiwicG9ydF9yYW5nZSI6IjIyLDgwIiwiYWN0aW9uIjoiYWNjZXB0Iiwic291cmNlX3NnX2lkIjoiIiwiZGVzY3JpcHRpb24iOiIifQ==",
            "ip_protocol": "tcp",
            "policy": "accept",
            "port_range": "22,80",
            "protocol_template": [],
            "security_group_id": "sg-1zi76m96",
            "source_sgid": null,
            "type": "ingress"
          },
          "sensitive_attributes": [],
          "private": "bnVsbA==",
          "dependencies": [
            "tencentcloud_security_group.security_group_shanghai"
          ]
        }
      ]
    },
    {
      "mode": "managed",
      "type": "tencentcloud_subnet",
      "name": "subnet_shanghai_01",
      "provider": "provider[\"registry.terraform.io/tencentcloudstack/tencentcloud\"]",
      "instances": [
        {
          "schema_version": 0,
          "attributes": {
            "availability_zone": "ap-shanghai-1",
            "available_ip_count": 253,
            "cidr_block": "10.0.1.0/24",
            "create_time": "2022-05-24 22:46:09",
            "id": "subnet-f0g141i1",
            "is_default": false,
            "is_multicast": true,
            "name": "subnet_shanghai_01",
            "route_table_id": "rtb-qnrgxlah",
            "tags": {},
            "vpc_id": "vpc-5ncppgdk"
          },
          "sensitive_attributes": [],
          "private": "bnVsbA==",
          "dependencies": [
            "tencentcloud_route_table.route_table_vpc_shanghai",
            "tencentcloud_vpc.vpc_shanghai"
          ]
        }
      ]
    },
    {
      "mode": "managed",
      "type": "tencentcloud_subnet",
      "name": "subnet_shanghai_02",
      "provider": "provider[\"registry.terraform.io/tencentcloudstack/tencentcloud\"]",
      "instances": [
        {
          "schema_version": 0,
          "attributes": {
            "availability_zone": "ap-shanghai-2",
            "available_ip_count": 253,
            "cidr_block": "10.0.2.0/24",
            "create_time": "2022-05-24 22:46:09",
            "id": "subnet-72l8s4ex",
            "is_default": false,
            "is_multicast": true,
            "name": "subnet_shanghai_02",
            "route_table_id": "rtb-qnrgxlah",
            "tags": {},
            "vpc_id": "vpc-5ncppgdk"
          },
          "sensitive_attributes": [],
          "private": "bnVsbA==",
          "dependencies": [
            "tencentcloud_route_table.route_table_vpc_shanghai",
            "tencentcloud_vpc.vpc_shanghai"
          ]
        }
      ]
    },
    {
      "mode": "managed",
      "type": "tencentcloud_subnet",
      "name": "subnet_shanghai_03",
      "provider": "provider[\"registry.terraform.io/tencentcloudstack/tencentcloud\"]",
      "instances": [
        {
          "schema_version": 0,
          "attributes": {
            "availability_zone": "ap-shanghai-3",
            "available_ip_count": 253,
            "cidr_block": "10.0.3.0/24",
            "create_time": "2022-05-24 22:46:09",
            "id": "subnet-oq7pfpdf",
            "is_default": false,
            "is_multicast": true,
            "name": "subnet_shanghai_03",
            "route_table_id": "rtb-qnrgxlah",
            "tags": {},
            "vpc_id": "vpc-5ncppgdk"
          },
          "sensitive_attributes": [],
          "private": "bnVsbA==",
          "dependencies": [
            "tencentcloud_route_table.route_table_vpc_shanghai",
            "tencentcloud_vpc.vpc_shanghai"
          ]
        }
      ]
    },
    {
      "mode": "managed",
      "type": "tencentcloud_subnet",
      "name": "subnet_shanghai_04",
      "provider": "provider[\"registry.terraform.io/tencentcloudstack/tencentcloud\"]",
      "instances": [
        {
          "schema_version": 0,
          "attributes": {
            "availability_zone": "ap-shanghai-4",
            "available_ip_count": 253,
            "cidr_block": "10.0.4.0/24",
            "create_time": "2022-05-24 22:46:09",
            "id": "subnet-8jbnuoop",
            "is_default": false,
            "is_multicast": true,
            "name": "subnet_shanghai_04",
            "route_table_id": "rtb-qnrgxlah",
            "tags": {},
            "vpc_id": "vpc-5ncppgdk"
          },
          "sensitive_attributes": [],
          "private": "bnVsbA==",
          "dependencies": [
            "tencentcloud_route_table.route_table_vpc_shanghai",
            "tencentcloud_vpc.vpc_shanghai"
          ]
        }
      ]
    },
    {
      "mode": "managed",
      "type": "tencentcloud_vpc",
      "name": "vpc_shanghai",
      "provider": "provider[\"registry.terraform.io/tencentcloudstack/tencentcloud\"]",
      "instances": [
        {
          "schema_version": 0,
          "attributes": {
            "assistant_cidrs": [],
            "cidr_block": "10.0.0.0/16",
            "create_time": "2022-05-24 22:46:05",
            "default_route_table_id": "rtb-3ftn04kr",
            "dns_servers": [
              "119.29.29.29",
              "8.8.8.8"
            ],
            "id": "vpc-5ncppgdk",
            "is_default": false,
            "is_multicast": false,
            "name": "vpc_shanghai",
            "tags": {
              "test": "test"
            }
          },
          "sensitive_attributes": [],
          "private": "bnVsbA=="
        }
      ]
    }
  ]
}
